
Microsoft Visual Studio Solution File, Format Version 12.00
# Visual Studio Version 17
VisualStudioVersion = 17.14.36414.22 d17.14
MinimumVisualStudioVersion = 10.0.40219.1
Project("{FAE04EC0-301F-11D3-BF4B-00C04F79EFBC}") = "3Task", "3Task\3Task.csproj", "{0D48FE22-1B7B-4ABD-AF3F-0075A230A506}"
EndProject
Global
	GlobalSection(SolutionConfigurationPlatforms) = preSolution
		Debug|Any CPU = Debug|Any CPU
		Release|Any CPU = Release|Any CPU
	EndGlobalSection
	GlobalSection(ProjectConfigurationPlatforms) = postSolution
		{0D48FE22-1B7B-4ABD-AF3F-0075A230A506}.Debug|Any CPU.ActiveCfg = Debug|Any CPU
		{0D48FE22-1B7B-4ABD-AF3F-0075A230A506}.Debug|Any CPU.Build.0 = Debug|Any CPU
		{0D48FE22-1B7B-4ABD-AF3F-0075A230A506}.Release|Any CPU.ActiveCfg = Release|Any CPU
		{0D48FE22-1B7B-4ABD-AF3F-0075A230A506}.Release|Any CPU.Build.0 = Release|Any CPU
	EndGlobalSection
	GlobalSection(SolutionProperties) = preSolution
		HideSolutionNode = FALSE
	EndGlobalSection
	GlobalSection(ExtensibilityGlobals) = postSolution
		SolutionGuid = {543EA59C-55DA-4FDE-B701-FAE62EB2C348}
	EndGlobalSection
EndGlobal
