
Microsoft Visual Studio Solution File, Format Version 12.00
# Visual Studio Version 17
VisualStudioVersion = 17.14.36414.22 d17.14
MinimumVisualStudioVersion = 10.0.40219.1
Project("{FAE04EC0-301F-11D3-BF4B-00C04F79EFBC}") = "CalculateApp", "CalculateApp\CalculateApp.csproj", "{0AF01B06-BD93-477B-BB06-A11C8EA7152D}"
EndProject
Global
	GlobalSection(SolutionConfigurationPlatforms) = preSolution
		Debug|Any CPU = Debug|Any CPU
		Release|Any CPU = Release|Any CPU
	EndGlobalSection
	GlobalSection(ProjectConfigurationPlatforms) = postSolution
		{0AF01B06-BD93-477B-BB06-A11C8EA7152D}.Debug|Any CPU.ActiveCfg = Debug|Any CPU
		{0AF01B06-BD93-477B-BB06-A11C8EA7152D}.Debug|Any CPU.Build.0 = Debug|Any CPU
		{0AF01B06-BD93-477B-BB06-A11C8EA7152D}.Release|Any CPU.ActiveCfg = Release|Any CPU
		{0AF01B06-BD93-477B-BB06-A11C8EA7152D}.Release|Any CPU.Build.0 = Release|Any CPU
	EndGlobalSection
	GlobalSection(SolutionProperties) = preSolution
		HideSolutionNode = FALSE
	EndGlobalSection
	GlobalSection(ExtensibilityGlobals) = postSolution
		SolutionGuid = {B1A9147D-F563-40C2-B67E-2E07C28B5A15}
	EndGlobalSection
EndGlobal
