
Microsoft Visual Studio Solution File, Format Version 12.00
# Visual Studio Version 17
VisualStudioVersion = 17.14.36414.22 d17.14
MinimumVisualStudioVersion = 10.0.40219.1
Project("{FAE04EC0-301F-11D3-BF4B-00C04F79EFBC}") = "1TaskActionFilter", "1TaskActionFilter\1TaskActionFilter.csproj", "{8E4015E2-8F6A-4258-BF20-B75F38916654}"
EndProject
Project("{FAE04EC0-301F-11D3-BF4B-00C04F79EFBC}") = "2TaskActionFilter", "2TaskActionFilter\2TaskActionFilter.csproj", "{153B6DEF-DA77-4ADF-A3A0-4E9EC05904B2}"
EndProject
Global
	GlobalSection(SolutionConfigurationPlatforms) = preSolution
		Debug|Any CPU = Debug|Any CPU
		Release|Any CPU = Release|Any CPU
	EndGlobalSection
	GlobalSection(ProjectConfigurationPlatforms) = postSolution
		{8E4015E2-8F6A-4258-BF20-B75F38916654}.Debug|Any CPU.ActiveCfg = Debug|Any CPU
		{8E4015E2-8F6A-4258-BF20-B75F38916654}.Debug|Any CPU.Build.0 = Debug|Any CPU
		{8E4015E2-8F6A-4258-BF20-B75F38916654}.Release|Any CPU.ActiveCfg = Release|Any CPU
		{8E4015E2-8F6A-4258-BF20-B75F38916654}.Release|Any CPU.Build.0 = Release|Any CPU
		{153B6DEF-DA77-4ADF-A3A0-4E9EC05904B2}.Debug|Any CPU.ActiveCfg = Debug|Any CPU
		{153B6DEF-DA77-4ADF-A3A0-4E9EC05904B2}.Debug|Any CPU.Build.0 = Debug|Any CPU
		{153B6DEF-DA77-4ADF-A3A0-4E9EC05904B2}.Release|Any CPU.ActiveCfg = Release|Any CPU
		{153B6DEF-DA77-4ADF-A3A0-4E9EC05904B2}.Release|Any CPU.Build.0 = Release|Any CPU
	EndGlobalSection
	GlobalSection(SolutionProperties) = preSolution
		HideSolutionNode = FALSE
	EndGlobalSection
	GlobalSection(ExtensibilityGlobals) = postSolution
		SolutionGuid = {2AD64F10-8C62-468E-A26C-60212954D40D}
	EndGlobalSection
EndGlobal
